
Microsoft Visual Studio Solution File, Format Version 12.00
# Visual Studio Version 17
VisualStudioVersion = 17.0.31919.166
MinimumVisualStudioVersion = 10.0.40219.1
Project("{FAE04EC0-301F-11D3-BF4B-00C04F79EFBC}") = "Lab1_Borkowska_Justyna", "Lab1_Borkowska_Justyna.csproj", "{625A0BE7-F9AC-4EC1-8F08-F9642A6CBFBF}"
EndProject
Global
	GlobalSection(SolutionConfigurationPlatforms) = preSolution
		Debug|Any CPU = Debug|Any CPU
		Release|Any CPU = Release|Any CPU
	EndGlobalSection
	GlobalSection(ProjectConfigurationPlatforms) = postSolution
		{625A0BE7-F9AC-4EC1-8F08-F9642A6CBFBF}.Debug|Any CPU.ActiveCfg = Debug|Any CPU
		{625A0BE7-F9AC-4EC1-8F08-F9642A6CBFBF}.Debug|Any CPU.Build.0 = Debug|Any CPU
		{625A0BE7-F9AC-4EC1-8F08-F9642A6CBFBF}.Release|Any CPU.ActiveCfg = Release|Any CPU
		{625A0BE7-F9AC-4EC1-8F08-F9642A6CBFBF}.Release|Any CPU.Build.0 = Release|Any CPU
	EndGlobalSection
	GlobalSection(SolutionProperties) = preSolution
		HideSolutionNode = FALSE
	EndGlobalSection
	GlobalSection(ExtensibilityGlobals) = postSolution
		SolutionGuid = {D2A56DF3-4E1A-4B0C-AAB1-F58BF76AF694}
	EndGlobalSection
EndGlobal
